
Microsoft Visual Studio Solution File, Format Version 12.00
Project("{FAE04EC0-301F-11D3-BF4B-00C04F79EFBC}") = "navMesh-Graph-WebAPI", "navMesh-Graph-WebAPI\navMesh-Graph-WebAPI.csproj", "{4F90DD75-5551-4DFB-AE3B-6015C3928833}"
EndProject
Global
	GlobalSection(SolutionConfigurationPlatforms) = preSolution
		Debug|Any CPU = Debug|Any CPU
		Release|Any CPU = Release|Any CPU
	EndGlobalSection
	GlobalSection(ProjectConfigurationPlatforms) = postSolution
		{4F90DD75-5551-4DFB-AE3B-6015C3928833}.Debug|Any CPU.ActiveCfg = Debug|Any CPU
		{4F90DD75-5551-4DFB-AE3B-6015C3928833}.Debug|Any CPU.Build.0 = Debug|Any CPU
		{4F90DD75-5551-4DFB-AE3B-6015C3928833}.Release|Any CPU.ActiveCfg = Release|Any CPU
		{4F90DD75-5551-4DFB-AE3B-6015C3928833}.Release|Any CPU.Build.0 = Release|Any CPU
	EndGlobalSection
EndGlobal
